PODS:
  - Flutter (1.0.0)
  - sharedpreferences (0.0.1):
    - Flutter

DEPENDENCIES:
  - Flutter (from `Flutter`)
  - sharedpreferences (from `.symlinks/plugins/sharedpreferences/ios`)

EXTERNAL SOURCES:
  Flutter:
    :path: Flutter
  sharedpreferences:
    :path: ".symlinks/plugins/sharedpreferences/ios"

SPEC CHECKSUMS:
  Flutter: 0e3d915762c693b495b44d77113d4970485de6ec
  sharedpreferences: 5dcce2cc9926e6bace0d31725e9f130c2f1734f7

PODFILE CHECKSUM: c34e2287a9ccaa606aeceab922830efb9a6ff69a

COCOAPODS: 1.8.4
